
Microsoft Visual Studio Solution File, Format Version 12.00
# Visual Studio Version 17
VisualStudioVersion = 17.12.35527.113
MinimumVisualStudioVersion = 10.0.40219.1
Project("{2150E333-8FDC-42A3-9474-1A3956D46DE8}") = "Solution Items", "Solution Items", "{E51CD307-88F9-4A53-8F51-68CF14CFD241}"
	ProjectSection(SolutionItems) = preProject
		Best C# AI Prompts.url = Best C# AI Prompts.url
	EndProjectSection
EndProject
Project("{D954291E-2A0B-460D-934E-DC6B0785DB48}") = "AiPrompts.SharedProject", "AiPrompts.SharedProject\AiPrompts.SharedProject.shproj", "{F039CD17-9013-4370-8F46-1D406B983332}"
EndProject
Project("{FAE04EC0-301F-11D3-BF4B-00C04F79EFBC}") = "AiPrompts.TestProject", "AiPrompts.TestProject\AiPrompts.TestProject.csproj", "{7CFBAAD1-842F-4963-8963-DC1005345C49}"
EndProject
Project("{FAE04EC0-301F-11D3-BF4B-00C04F79EFBC}") = "AiPrompts.LMStudioLibrary", "AiPrompts.LMStudioLibrary\AiPrompts.LMStudioLibrary.csproj", "{479BF77F-FE9D-4A63-8EB8-D93348E02BF7}"
EndProject
Project("{FAE04EC0-301F-11D3-BF4B-00C04F79EFBC}") = "AiPrompts.Console", "AiPrompts.Console\AiPrompts.Console.csproj", "{9E5C610F-97E8-4A28-A6C2-7A5517087949}"
EndProject
Project("{FAE04EC0-301F-11D3-BF4B-00C04F79EFBC}") = "AiPrompts.LMStudio", "AiPrompts.LMStudio\AiPrompts.LMStudio.csproj", "{8B08ED63-81C0-4B8E-9822-2CA378BBDB42}"
EndProject
Global
	GlobalSection(SolutionConfigurationPlatforms) = preSolution
		Debug|Any CPU = Debug|Any CPU
		Release|Any CPU = Release|Any CPU
	EndGlobalSection
	GlobalSection(ProjectConfigurationPlatforms) = postSolution
		{7CFBAAD1-842F-4963-8963-DC1005345C49}.Debug|Any CPU.ActiveCfg = Debug|Any CPU
		{7CFBAAD1-842F-4963-8963-DC1005345C49}.Debug|Any CPU.Build.0 = Debug|Any CPU
		{7CFBAAD1-842F-4963-8963-DC1005345C49}.Release|Any CPU.ActiveCfg = Release|Any CPU
		{7CFBAAD1-842F-4963-8963-DC1005345C49}.Release|Any CPU.Build.0 = Release|Any CPU
		{479BF77F-FE9D-4A63-8EB8-D93348E02BF7}.Debug|Any CPU.ActiveCfg = Debug|Any CPU
		{479BF77F-FE9D-4A63-8EB8-D93348E02BF7}.Debug|Any CPU.Build.0 = Debug|Any CPU
		{479BF77F-FE9D-4A63-8EB8-D93348E02BF7}.Release|Any CPU.ActiveCfg = Release|Any CPU
		{479BF77F-FE9D-4A63-8EB8-D93348E02BF7}.Release|Any CPU.Build.0 = Release|Any CPU
		{9E5C610F-97E8-4A28-A6C2-7A5517087949}.Debug|Any CPU.ActiveCfg = Debug|Any CPU
		{9E5C610F-97E8-4A28-A6C2-7A5517087949}.Debug|Any CPU.Build.0 = Debug|Any CPU
		{9E5C610F-97E8-4A28-A6C2-7A5517087949}.Release|Any CPU.ActiveCfg = Release|Any CPU
		{9E5C610F-97E8-4A28-A6C2-7A5517087949}.Release|Any CPU.Build.0 = Release|Any CPU
		{8B08ED63-81C0-4B8E-9822-2CA378BBDB42}.Debug|Any CPU.ActiveCfg = Debug|Any CPU
		{8B08ED63-81C0-4B8E-9822-2CA378BBDB42}.Debug|Any CPU.Build.0 = Debug|Any CPU
		{8B08ED63-81C0-4B8E-9822-2CA378BBDB42}.Release|Any CPU.ActiveCfg = Release|Any CPU
		{8B08ED63-81C0-4B8E-9822-2CA378BBDB42}.Release|Any CPU.Build.0 = Release|Any CPU
	EndGlobalSection
	GlobalSection(SolutionProperties) = preSolution
		HideSolutionNode = FALSE
	EndGlobalSection
	GlobalSection(SharedMSBuildProjectFiles) = preSolution
		AiPrompts.SharedProject\AiPrompts.SharedProject.projitems*{7cfbaad1-842f-4963-8963-dc1005345c49}*SharedItemsImports = 5
		AiPrompts.SharedProject\AiPrompts.SharedProject.projitems*{f039cd17-9013-4370-8f46-1d406b983332}*SharedItemsImports = 13
	EndGlobalSection
EndGlobal
